
Microsoft Visual Studio Solution File, Format Version 12.00
# Visual Studio Version 16
VisualStudioVersion = 16.0.28606.126
MinimumVisualStudioVersion = 10.0.40219.1
Project("{9A19103F-16F7-4668-BE54-9A1E7A4F7556}") = "GetThisBreadV2", "GetThisBreadV2\GetThisBreadV2.csproj", "{B7DBEBAA-FC8E-4904-8608-3A1A484AEBAE}"
EndProject
Global
	GlobalSection(SolutionConfigurationPlatforms) = preSolution
		Debug|Any CPU = Debug|Any CPU
		Release|Any CPU = Release|Any CPU
	EndGlobalSection
	GlobalSection(ProjectConfigurationPlatforms) = postSolution
		{B7DBEBAA-FC8E-4904-8608-3A1A484AEBAE}.Debug|Any CPU.ActiveCfg = Debug|Any CPU
		{B7DBEBAA-FC8E-4904-8608-3A1A484AEBAE}.Debug|Any CPU.Build.0 = Debug|Any CPU
		{B7DBEBAA-FC8E-4904-8608-3A1A484AEBAE}.Release|Any CPU.ActiveCfg = Release|Any CPU
		{B7DBEBAA-FC8E-4904-8608-3A1A484AEBAE}.Release|Any CPU.Build.0 = Release|Any CPU
	EndGlobalSection
	GlobalSection(SolutionProperties) = preSolution
		HideSolutionNode = FALSE
	EndGlobalSection
	GlobalSection(ExtensibilityGlobals) = postSolution
		SolutionGuid = {E676E20B-9FF4-4781-9147-A492DA61A01F}
	EndGlobalSection
EndGlobal
